// !$*UTF8*$!
{
	archiveVersion = 1;
	classes = {
	};
	objectVersion = 77;
	objects = {

/* Begin PBXBuildFile section */
		A10000000000000000000001 /* Sources/taskboard/Models.swift in Sources */ = {isa = PBXBuildFile; fileRef = A20000000000000000000001 /* Sources/taskboard/Models.swift */; };
		A10000000000000000000002 /* Sources/taskboard/TaskBoardStore.swift in Sources */ = {isa = PBXBuildFile; fileRef = A20000000000000000000002 /* Sources/taskboard/TaskBoardStore.swift */; };
		A10000000000000000000003 /* Sources/taskboard/CloudKitSyncService.swift in Sources */ = {isa = PBXBuildFile; fileRef = A20000000000000000000003 /* Sources/taskboard/CloudKitSyncService.swift */; };
		A10000000000000000000004 /* iOS/TaskBoardMobileApp.swift in Sources */ = {isa = PBXBuildFile; fileRef = A20000000000000000000004 /* iOS/TaskBoardMobileApp.swift */; };
		A10000000000000000000005 /* iOS/MobileBoardView.swift in Sources */ = {isa = PBXBuildFile; fileRef = A20000000000000000000005 /* iOS/MobileBoardView.swift */; };
		A10000000000000000000006 /* iOS/Assets.xcassets in Resources */ = {isa = PBXBuildFile; fileRef = A20000000000000000000006 /* iOS/Assets.xcassets */; };
/* End PBXBuildFile section */

/* Begin PBXFileReference section */
		A20000000000000000000001 /* Sources/taskboard/Models.swift */ = {isa = PBXFileReference; lastKnownFileType = sourcecode.swift; path = Sources/taskboard/Models.swift; sourceTree = SOURCE_ROOT; };
		A20000000000000000000002 /* Sources/taskboard/TaskBoardStore.swift */ = {isa = PBXFileReference; lastKnownFileType = sourcecode.swift; path = Sources/taskboard/TaskBoardStore.swift; sourceTree = SOURCE_ROOT; };
		A20000000000000000000003 /* Sources/taskboard/CloudKitSyncService.swift */ = {isa = PBXFileReference; lastKnownFileType = sourcecode.swift; path = Sources/taskboard/CloudKitSyncService.swift; sourceTree = SOURCE_ROOT; };
		A20000000000000000000004 /* iOS/TaskBoardMobileApp.swift */ = {isa = PBXFileReference; lastKnownFileType = sourcecode.swift; path = iOS/TaskBoardMobileApp.swift; sourceTree = SOURCE_ROOT; };
		A20000000000000000000005 /* iOS/MobileBoardView.swift */ = {isa = PBXFileReference; lastKnownFileType = sourcecode.swift; path = iOS/MobileBoardView.swift; sourceTree = SOURCE_ROOT; };
		A20000000000000000000006 /* iOS/Assets.xcassets */ = {isa = PBXFileReference; lastKnownFileType = folder.assetcatalog; path = iOS/Assets.xcassets; sourceTree = SOURCE_ROOT; };
		A20000000000000000000007 /* iOS/Info.plist */ = {isa = PBXFileReference; lastKnownFileType = text.plist.xml; path = iOS/Info.plist; sourceTree = SOURCE_ROOT; };
		A20000000000000000000008 /* iOS/taskboard.entitlements */ = {isa = PBXFileReference; lastKnownFileType = text.plist.entitlements; path = iOS/taskboard.entitlements; sourceTree = SOURCE_ROOT; };
		A20000000000000000000009 /* taskboard.app */ = {isa = PBXFileReference; explicitFileType = wrapper.application; includeInIndex = 0; path = taskboard.app; sourceTree = BUILT_PRODUCTS_DIR; };
/* End PBXFileReference section */

/* Begin PBXFrameworksBuildPhase section */
		A30000000000000000000001 /* Frameworks */ = {
			isa = PBXFrameworksBuildPhase;
			buildActionMask = 2147483647;
			files = (
			);
			runOnlyForDeploymentPostprocessing = 0;
		};
/* End PBXFrameworksBuildPhase section */

/* Begin PBXGroup section */
		A40000000000000000000001 = {
			isa = PBXGroup;
			children = (
				A40000000000000000000002 /* Shared */,
				A40000000000000000000003 /* iOS */,
				A40000000000000000000004 /* Products */,
			);
			sourceTree = "<group>";
		};
		A40000000000000000000002 /* Shared */ = {
			isa = PBXGroup;
			children = (
				A20000000000000000000001 /* Sources/taskboard/Models.swift */,
				A20000000000000000000002 /* Sources/taskboard/TaskBoardStore.swift */,
				A20000000000000000000003 /* Sources/taskboard/CloudKitSyncService.swift */,
			);
			name = Shared;
			sourceTree = "<group>";
		};
		A40000000000000000000003 /* iOS */ = {
			isa = PBXGroup;
			children = (
				A20000000000000000000004 /* iOS/TaskBoardMobileApp.swift */,
				A20000000000000000000005 /* iOS/MobileBoardView.swift */,
				A20000000000000000000006 /* iOS/Assets.xcassets */,
				A20000000000000000000007 /* iOS/Info.plist */,
				A20000000000000000000008 /* iOS/taskboard.entitlements */,
			);
			name = iOS;
			sourceTree = "<group>";
		};
		A40000000000000000000004 /* Products */ = {
			isa = PBXGroup;
			children = (
				A20000000000000000000009 /* taskboard.app */,
			);
			name = Products;
			sourceTree = "<group>";
		};
/* End PBXGroup section */

/* Begin PBXNativeTarget section */
		A50000000000000000000001 /* taskboard */ = {
			isa = PBXNativeTarget;
			buildConfigurationList = A90000000000000000000002 /* Build configuration list for PBXNativeTarget "taskboard" */;
			buildPhases = (
				A60000000000000000000001 /* Sources */,
				A30000000000000000000001 /* Frameworks */,
				A70000000000000000000001 /* Resources */,
			);
			buildRules = (
			);
			dependencies = (
			);
			name = taskboard;
			productName = taskboard;
			productReference = A20000000000000000000009 /* taskboard.app */;
			productType = "com.apple.product-type.application";
		};
/* End PBXNativeTarget section */

/* Begin PBXProject section */
		A80000000000000000000001 /* Project object */ = {
			isa = PBXProject;
			attributes = {
				BuildIndependentTargetsInParallel = 1;
				LastSwiftUpdateCheck = 2620;
				LastUpgradeCheck = 2620;
				TargetAttributes = {
					A50000000000000000000001 = {
						CreatedOnToolsVersion = 26.2;
						SystemCapabilities = {
							com.apple.BackgroundModes = {
								enabled = 1;
							};
							com.apple.Push = {
								enabled = 1;
							};
							com.apple.iCloud = {
								enabled = 1;
							};
						};
					};
				};
			};
			buildConfigurationList = A90000000000000000000001 /* Build configuration list for PBXProject "taskboard-ios" */;
			developmentRegion = en;
			hasScannedForEncodings = 0;
			knownRegions = (
				en,
				Base,
			);
			mainGroup = A40000000000000000000001;
			preferredProjectObjectVersion = 77;
			productRefGroup = A40000000000000000000004 /* Products */;
			projectDirPath = "";
			projectRoot = "";
			targets = (
				A50000000000000000000001 /* taskboard */,
			);
		};
/* End PBXProject section */

/* Begin PBXResourcesBuildPhase section */
		A70000000000000000000001 /* Resources */ = {
			isa = PBXResourcesBuildPhase;
			buildActionMask = 2147483647;
			files = (
				A10000000000000000000006 /* iOS/Assets.xcassets in Resources */,
			);
			runOnlyForDeploymentPostprocessing = 0;
		};
/* End PBXResourcesBuildPhase section */

/* Begin PBXSourcesBuildPhase section */
		A60000000000000000000001 /* Sources */ = {
			isa = PBXSourcesBuildPhase;
			buildActionMask = 2147483647;
			files = (
				A10000000000000000000001 /* Sources/taskboard/Models.swift in Sources */,
				A10000000000000000000002 /* Sources/taskboard/TaskBoardStore.swift in Sources */,
				A10000000000000000000003 /* Sources/taskboard/CloudKitSyncService.swift in Sources */,
				A10000000000000000000004 /* iOS/TaskBoardMobileApp.swift in Sources */,
				A10000000000000000000005 /* iOS/MobileBoardView.swift in Sources */,
			);
			runOnlyForDeploymentPostprocessing = 0;
		};
/* End PBXSourcesBuildPhase section */

/* Begin XCBuildConfiguration section */
		B10000000000000000000001 /* Debug */ = {
			isa = XCBuildConfiguration;
			buildSettings = {
				CLANG_ENABLE_MODULES = YES;
				ENABLE_STRICT_OBJC_MSGSEND = YES;
				GCC_C_LANGUAGE_STANDARD = gnu17;
				SWIFT_VERSION = 6.0;
			};
			name = Debug;
		};
		B10000000000000000000002 /* Release */ = {
			isa = XCBuildConfiguration;
			buildSettings = {
				CLANG_ENABLE_MODULES = YES;
				ENABLE_STRICT_OBJC_MSGSEND = YES;
				GCC_C_LANGUAGE_STANDARD = gnu17;
				SWIFT_COMPILATION_MODE = wholemodule;
				SWIFT_VERSION = 6.0;
			};
			name = Release;
		};
		B10000000000000000000003 /* Debug */ = {
			isa = XCBuildConfiguration;
			buildSettings = {
				ASSETCATALOG_COMPILER_APPICON_NAME = AppIcon;
				CODE_SIGN_ENTITLEMENTS = iOS/taskboard.entitlements;
				CODE_SIGN_STYLE = Automatic;
				CURRENT_PROJECT_VERSION = 1;
				DEVELOPMENT_ASSET_PATHS = "";
				DEVELOPMENT_TEAM = 988UCY3267;
				ENABLE_PREVIEWS = YES;
				GENERATE_INFOPLIST_FILE = NO;
				INFOPLIST_FILE = iOS/Info.plist;
				IPHONEOS_DEPLOYMENT_TARGET = 17.0;
				LD_RUNPATH_SEARCH_PATHS = (
					"$(inherited)",
					"@executable_path/Frameworks",
				);
				MARKETING_VERSION = 1.0;
				PRODUCT_BUNDLE_IDENTIFIER = com.wiktorjarochiewicz.taskboard;
				PRODUCT_NAME = "$(TARGET_NAME)";
				SDKROOT = iphoneos;
				SUPPORTED_PLATFORMS = "iphoneos iphonesimulator";
				SWIFT_EMIT_LOC_STRINGS = YES;
				SWIFT_STRICT_CONCURRENCY = complete;
				SWIFT_VERSION = 6.0;
				TARGETED_DEVICE_FAMILY = 1;
			};
			name = Debug;
		};
		B10000000000000000000004 /* Release */ = {
			isa = XCBuildConfiguration;
			buildSettings = {
				ASSETCATALOG_COMPILER_APPICON_NAME = AppIcon;
				CODE_SIGN_ENTITLEMENTS = iOS/taskboard.entitlements;
				CODE_SIGN_STYLE = Automatic;
				CURRENT_PROJECT_VERSION = 1;
				DEVELOPMENT_TEAM = 988UCY3267;
				GENERATE_INFOPLIST_FILE = NO;
				INFOPLIST_FILE = iOS/Info.plist;
				IPHONEOS_DEPLOYMENT_TARGET = 17.0;
				LD_RUNPATH_SEARCH_PATHS = (
					"$(inherited)",
					"@executable_path/Frameworks",
				);
				MARKETING_VERSION = 1.0;
				PRODUCT_BUNDLE_IDENTIFIER = com.wiktorjarochiewicz.taskboard;
				PRODUCT_NAME = "$(TARGET_NAME)";
				SDKROOT = iphoneos;
				SUPPORTED_PLATFORMS = "iphoneos iphonesimulator";
				SWIFT_COMPILATION_MODE = wholemodule;
				SWIFT_EMIT_LOC_STRINGS = YES;
				SWIFT_STRICT_CONCURRENCY = complete;
				SWIFT_VERSION = 6.0;
				TARGETED_DEVICE_FAMILY = 1;
			};
			name = Release;
		};
/* End XCBuildConfiguration section */

/* Begin XCConfigurationList section */
		A90000000000000000000001 /* Build configuration list for PBXProject "taskboard-ios" */ = {
			isa = XCConfigurationList;
			buildConfigurations = (
				B10000000000000000000001 /* Debug */,
				B10000000000000000000002 /* Release */,
			);
			defaultConfigurationIsVisible = 0;
			defaultConfigurationName = Release;
		};
		A90000000000000000000002 /* Build configuration list for PBXNativeTarget "taskboard" */ = {
			isa = XCConfigurationList;
			buildConfigurations = (
				B10000000000000000000003 /* Debug */,
				B10000000000000000000004 /* Release */,
			);
			defaultConfigurationIsVisible = 0;
			defaultConfigurationName = Release;
		};
/* End XCConfigurationList section */
	};
	rootObject = A80000000000000000000001 /* Project object */;
}
